// !$*UTF8*$!
{
	archiveVersion = 1;
	classes = {
	};
	objectVersion = 46;
	objects = {

/* Begin PBXBuildFile section */
		0F30FF321C4E58B00071EF62 /* DAClustering.m in Sources */ = {isa = PBXBuildFile; fileRef = 0F30FF311C4E58B00071EF62 /* DAClustering.m */; };
		20075FBC1C589BB600CDC45F /* data.txt in Resources */ = {isa = PBXBuildFile; fileRef = 20075FBB1C589BB600CDC45F /* data.txt */; };
		20681B611C47C9F30071A488 /* testSet.txt in Resources */ = {isa = PBXBuildFile; fileRef = 20681B601C47C9F30071A488 /* testSet.txt */; };
		20AB60341C48BC6700922C6D /* LogRegression.m in Sources */ = {isa = PBXBuildFile; fileRef = 20AB60331C48BC6700922C6D /* LogRegression.m */; };
		20B0DFE61C4782C100D32EE8 /* main.m in Sources */ = {isa = PBXBuildFile; fileRef = 20B0DFE51C4782C100D32EE8 /* main.m */; };
		20B0DFE91C4782C100D32EE8 /* AppDelegate.m in Sources */ = {isa = PBXBuildFile; fileRef = 20B0DFE81C4782C100D32EE8 /* AppDelegate.m */; };
		20B0DFEC1C4782C100D32EE8 /* ViewController.m in Sources */ = {isa = PBXBuildFile; fileRef = 20B0DFEB1C4782C100D32EE8 /* ViewController.m */; };
		20B0DFEF1C4782C100D32EE8 /* Main.storyboard in Resources */ = {isa = PBXBuildFile; fileRef = 20B0DFED1C4782C100D32EE8 /* Main.storyboard */; };
		20B0DFF11C4782C100D32EE8 /* Images.xcassets in Resources */ = {isa = PBXBuildFile; fileRef = 20B0DFF01C4782C100D32EE8 /* Images.xcassets */; };
		20B0DFF41C4782C100D32EE8 /* LaunchScreen.xib in Resources */ = {isa = PBXBuildFile; fileRef = 20B0DFF21C4782C100D32EE8 /* LaunchScreen.xib */; };
		20B0E0001C4782C100D32EE8 /* DataAnalysisTests.m in Sources */ = {isa = PBXBuildFile; fileRef = 20B0DFFF1C4782C100D32EE8 /* DataAnalysisTests.m */; };
		20B0E00A1C4782D100D32EE8 /* Accelerate.framework in Frameworks */ = {isa = PBXBuildFile; fileRef = 20B0E0091C4782D100D32EE8 /* Accelerate.framework */; };
		D1A3EA171C4F2485001D102C /* LinearRegression.m in Sources */ = {isa = PBXBuildFile; fileRef = D1A3EA161C4F2485001D102C /* LinearRegression.m */; };
		D1A3EA1A1C4F26B2001D102C /* chlkFunction.m in Sources */ = {isa = PBXBuildFile; fileRef = D1A3EA191C4F26B2001D102C /* chlkFunction.m */; };
		D1A3EA1C1C4F3BFE001D102C /* setData.txt in Resources */ = {isa = PBXBuildFile; fileRef = D1A3EA1B1C4F3BFE001D102C /* setData.txt */; };
		ECA180C81CAB69B1005BC691 /* DAAverageCalculate.m in Sources */ = {isa = PBXBuildFile; fileRef = ECA180C71CAB69B1005BC691 /* DAAverageCalculate.m */; };
/* End PBXBuildFile section */

/* Begin PBXContainerItemProxy section */
		20B0DFFA1C4782C100D32EE8 /* PBXContainerItemProxy */ = {
			isa = PBXContainerItemProxy;
			containerPortal = 20B0DFD81C4782C100D32EE8 /* Project object */;
			proxyType = 1;
			remoteGlobalIDString = 20B0DFDF1C4782C100D32EE8;
			remoteInfo = DataAnalysis;
		};
/* End PBXContainerItemProxy section */

/* Begin PBXFileReference section */
		0F30FF301C4E58B00071EF62 /* DAClustering.h */ = {isa = PBXFileReference; fileEncoding = 4; lastKnownFileType = sourcecode.c.h; path = DAClustering.h; sourceTree = "<group>"; };
		0F30FF311C4E58B00071EF62 /* DAClustering.m */ = {isa = PBXFileReference; fileEncoding = 4; lastKnownFileType = sourcecode.c.objc; path = DAClustering.m; sourceTree = "<group>"; };
		20075FBB1C589BB600CDC45F /* data.txt */ = {isa = PBXFileReference; fileEncoding = 4; lastKnownFileType = text; path = data.txt; sourceTree = "<group>"; };
		20681B601C47C9F30071A488 /* testSet.txt */ = {isa = PBXFileReference; fileEncoding = 4; lastKnownFileType = text; path = testSet.txt; sourceTree = "<group>"; };
		20AB60331C48BC6700922C6D /* LogRegression.m */ = {isa = PBXFileReference; fileEncoding = 4; lastKnownFileType = sourcecode.c.objc; path = LogRegression.m; sourceTree = "<group>"; };
		20AB60351C48BC7400922C6D /* LogRegression.h */ = {isa = PBXFileReference; lastKnownFileType = sourcecode.c.h; path = LogRegression.h; sourceTree = "<group>"; };
		20B0DFE01C4782C100D32EE8 /* DataAnalysis.app */ = {isa = PBXFileReference; explicitFileType = wrapper.application; includeInIndex = 0; path = DataAnalysis.app; sourceTree = BUILT_PRODUCTS_DIR; };
		20B0DFE41C4782C100D32EE8 /* Info.plist */ = {isa = PBXFileReference; lastKnownFileType = text.plist.xml; path = Info.plist; sourceTree = "<group>"; };
		20B0DFE51C4782C100D32EE8 /* main.m */ = {isa = PBXFileReference; lastKnownFileType = sourcecode.c.objc; path = main.m; sourceTree = "<group>"; };
		20B0DFE71C4782C100D32EE8 /* AppDelegate.h */ = {isa = PBXFileReference; lastKnownFileType = sourcecode.c.h; path = AppDelegate.h; sourceTree = "<group>"; };
		20B0DFE81C4782C100D32EE8 /* AppDelegate.m */ = {isa = PBXFileReference; lastKnownFileType = sourcecode.c.objc; path = AppDelegate.m; sourceTree = "<group>"; };
		20B0DFEA1C4782C100D32EE8 /* ViewController.h */ = {isa = PBXFileReference; lastKnownFileType = sourcecode.c.h; path = ViewController.h; sourceTree = "<group>"; };
		20B0DFEB1C4782C100D32EE8 /* ViewController.m */ = {isa = PBXFileReference; lastKnownFileType = sourcecode.c.objc; path = ViewController.m; sourceTree = "<group>"; };
		20B0DFEE1C4782C100D32EE8 /* Base */ = {isa = PBXFileReference; lastKnownFileType = file.storyboard; name = Base; path = Base.lproj/Main.storyboard; sourceTree = "<group>"; };
		20B0DFF01C4782C100D32EE8 /* Images.xcassets */ = {isa = PBXFileReference; lastKnownFileType = folder.assetcatalog; path = Images.xcassets; sourceTree = "<group>"; };
		20B0DFF31C4782C100D32EE8 /* Base */ = {isa = PBXFileReference; lastKnownFileType = file.xib; name = Base; path = Base.lproj/LaunchScreen.xib; sourceTree = "<group>"; };
		20B0DFF91C4782C100D32EE8 /* DataAnalysisTests.xctest */ = {isa = PBXFileReference; explicitFileType = wrapper.cfbundle; includeInIndex = 0; path = DataAnalysisTests.xctest; sourceTree = BUILT_PRODUCTS_DIR; };
		20B0DFFE1C4782C100D32EE8 /* Info.plist */ = {isa = PBXFileReference; lastKnownFileType = text.plist.xml; path = Info.plist; sourceTree = "<group>"; };
		20B0DFFF1C4782C100D32EE8 /* DataAnalysisTests.m */ = {isa = PBXFileReference; lastKnownFileType = sourcecode.c.objc; path = DataAnalysisTests.m; sourceTree = "<group>"; };
		20B0E0091C4782D100D32EE8 /* Accelerate.framework */ = {isa = PBXFileReference; lastKnownFileType = wrapper.framework; name = Accelerate.framework; path = System/Library/Frameworks/Accelerate.framework; sourceTree = SDKROOT; };
		D1A3EA151C4F2485001D102C /* LinearRegression.h */ = {isa = PBXFileReference; fileEncoding = 4; lastKnownFileType = sourcecode.c.h; path = LinearRegression.h; sourceTree = "<group>"; };
		D1A3EA161C4F2485001D102C /* LinearRegression.m */ = {isa = PBXFileReference; fileEncoding = 4; lastKnownFileType = sourcecode.c.objc; path = LinearRegression.m; sourceTree = "<group>"; };
		D1A3EA181C4F26B2001D102C /* chlkFunction.h */ = {isa = PBXFileReference; fileEncoding = 4; lastKnownFileType = sourcecode.c.h; path = chlkFunction.h; sourceTree = "<group>"; };
		D1A3EA191C4F26B2001D102C /* chlkFunction.m */ = {isa = PBXFileReference; fileEncoding = 4; lastKnownFileType = sourcecode.c.objc; path = chlkFunction.m; sourceTree = "<group>"; };
		D1A3EA1B1C4F3BFE001D102C /* setData.txt */ = {isa = PBXFileReference; fileEncoding = 4; lastKnownFileType = text; path = setData.txt; sourceTree = "<group>"; };
		ECA180C61CAB69B1005BC691 /* DAAverageCalculate.h */ = {isa = PBXFileReference; fileEncoding = 4; lastKnownFileType = sourcecode.c.h; path = DAAverageCalculate.h; sourceTree = "<group>"; };
		ECA180C71CAB69B1005BC691 /* DAAverageCalculate.m */ = {isa = PBXFileReference; fileEncoding = 4; lastKnownFileType = sourcecode.c.objc; path = DAAverageCalculate.m; sourceTree = "<group>"; };
/* End PBXFileReference section */

/* Begin PBXFrameworksBuildPhase section */
		20B0DFDD1C4782C100D32EE8 /* Frameworks */ = {
			isa = PBXFrameworksBuildPhase;
			buildActionMask = 2147483647;
			files = (
				20B0E00A1C4782D100D32EE8 /* Accelerate.framework in Frameworks */,
			);
			runOnlyForDeploymentPostprocessing = 0;
		};
		20B0DFF61C4782C100D32EE8 /* Frameworks */ = {
			isa = PBXFrameworksBuildPhase;
			buildActionMask = 2147483647;
			files = (
			);
			runOnlyForDeploymentPostprocessing = 0;
		};
/* End PBXFrameworksBuildPhase section */

/* Begin PBXGroup section */
		0F30FF2F1C4E56F00071EF62 /* Clustering */ = {
			isa = PBXGroup;
			children = (
				0F30FF301C4E58B00071EF62 /* DAClustering.h */,
				0F30FF311C4E58B00071EF62 /* DAClustering.m */,
			);
			path = Clustering;
			sourceTree = "<group>";
		};
		20AA69F01C4E09DA00326D00 /* LogisticRegression */ = {
			isa = PBXGroup;
			children = (
				20AB60351C48BC7400922C6D /* LogRegression.h */,
				20AB60331C48BC6700922C6D /* LogRegression.m */,
			);
			path = LogisticRegression;
			sourceTree = "<group>";
		};
		20B0DFD71C4782C100D32EE8 = {
			isa = PBXGroup;
			children = (
				20B0E0091C4782D100D32EE8 /* Accelerate.framework */,
				20B0DFE21C4782C100D32EE8 /* DataAnalysis */,
				20B0DFFC1C4782C100D32EE8 /* DataAnalysisTests */,
				20B0DFE11C4782C100D32EE8 /* Products */,
			);
			sourceTree = "<group>";
		};
		20B0DFE11C4782C100D32EE8 /* Products */ = {
			isa = PBXGroup;
			children = (
				20B0DFE01C4782C100D32EE8 /* DataAnalysis.app */,
				20B0DFF91C4782C100D32EE8 /* DataAnalysisTests.xctest */,
			);
			name = Products;
			sourceTree = "<group>";
		};
		20B0DFE21C4782C100D32EE8 /* DataAnalysis */ = {
			isa = PBXGroup;
			children = (
				ECA180C51CAB6981005BC691 /* MeanAnalysis */,
				0F30FF2F1C4E56F00071EF62 /* Clustering */,
				20AA69F01C4E09DA00326D00 /* LogisticRegression */,
				D1A3EA141C4F2273001D102C /* LinearRegression */,
				20B0DFE71C4782C100D32EE8 /* AppDelegate.h */,
				20B0DFE81C4782C100D32EE8 /* AppDelegate.m */,
				20B0DFEA1C4782C100D32EE8 /* ViewController.h */,
				20B0DFEB1C4782C100D32EE8 /* ViewController.m */,
				20681B601C47C9F30071A488 /* testSet.txt */,
				20075FBB1C589BB600CDC45F /* data.txt */,
				20B0DFED1C4782C100D32EE8 /* Main.storyboard */,
				20B0DFF01C4782C100D32EE8 /* Images.xcassets */,
				20B0DFF21C4782C100D32EE8 /* LaunchScreen.xib */,
				20B0DFE31C4782C100D32EE8 /* Supporting Files */,
			);
			path = DataAnalysis;
			sourceTree = "<group>";
		};
		20B0DFE31C4782C100D32EE8 /* Supporting Files */ = {
			isa = PBXGroup;
			children = (
				20B0DFE41C4782C100D32EE8 /* Info.plist */,
				20B0DFE51C4782C100D32EE8 /* main.m */,
			);
			name = "Supporting Files";
			sourceTree = "<group>";
		};
		20B0DFFC1C4782C100D32EE8 /* DataAnalysisTests */ = {
			isa = PBXGroup;
			children = (
				20B0DFFF1C4782C100D32EE8 /* DataAnalysisTests.m */,
				20B0DFFD1C4782C100D32EE8 /* Supporting Files */,
			);
			path = DataAnalysisTests;
			sourceTree = "<group>";
		};
		20B0DFFD1C4782C100D32EE8 /* Supporting Files */ = {
			isa = PBXGroup;
			children = (
				20B0DFFE1C4782C100D32EE8 /* Info.plist */,
			);
			name = "Supporting Files";
			sourceTree = "<group>";
		};
		D1A3EA141C4F2273001D102C /* LinearRegression */ = {
			isa = PBXGroup;
			children = (
				D1A3EA151C4F2485001D102C /* LinearRegression.h */,
				D1A3EA161C4F2485001D102C /* LinearRegression.m */,
				D1A3EA181C4F26B2001D102C /* chlkFunction.h */,
				D1A3EA191C4F26B2001D102C /* chlkFunction.m */,
				D1A3EA1B1C4F3BFE001D102C /* setData.txt */,
			);
			path = LinearRegression;
			sourceTree = "<group>";
		};
		ECA180C51CAB6981005BC691 /* MeanAnalysis */ = {
			isa = PBXGroup;
			children = (
				ECA180C61CAB69B1005BC691 /* DAAverageCalculate.h */,
				ECA180C71CAB69B1005BC691 /* DAAverageCalculate.m */,
			);
			path = MeanAnalysis;
			sourceTree = "<group>";
		};
/* End PBXGroup section */

/* Begin PBXNativeTarget section */
		20B0DFDF1C4782C100D32EE8 /* DataAnalysis */ = {
			isa = PBXNativeTarget;
			buildConfigurationList = 20B0E0031C4782C100D32EE8 /* Build configuration list for PBXNativeTarget "DataAnalysis" */;
			buildPhases = (
				20B0DFDC1C4782C100D32EE8 /* Sources */,
				20B0DFDD1C4782C100D32EE8 /* Frameworks */,
				20B0DFDE1C4782C100D32EE8 /* Resources */,
			);
			buildRules = (
			);
			dependencies = (
			);
			name = DataAnalysis;
			productName = DataAnalysis;
			productReference = 20B0DFE01C4782C100D32EE8 /* DataAnalysis.app */;
			productType = "com.apple.product-type.application";
		};
		20B0DFF81C4782C100D32EE8 /* DataAnalysisTests */ = {
			isa = PBXNativeTarget;
			buildConfigurationList = 20B0E0061C4782C100D32EE8 /* Build configuration list for PBXNativeTarget "DataAnalysisTests" */;
			buildPhases = (
				20B0DFF51C4782C100D32EE8 /* Sources */,
				20B0DFF61C4782C100D32EE8 /* Frameworks */,
				20B0DFF71C4782C100D32EE8 /* Resources */,
			);
			buildRules = (
			);
			dependencies = (
				20B0DFFB1C4782C100D32EE8 /* PBXTargetDependency */,
			);
			name = DataAnalysisTests;
			productName = DataAnalysisTests;
			productReference = 20B0DFF91C4782C100D32EE8 /* DataAnalysisTests.xctest */;
			productType = "com.apple.product-type.bundle.unit-test";
		};
/* End PBXNativeTarget section */

/* Begin PBXProject section */
		20B0DFD81C4782C100D32EE8 /* Project object */ = {
			isa = PBXProject;
			attributes = {
				CLASSPREFIX = DA;
				LastUpgradeCheck = 0640;
				ORGANIZATIONNAME = SecurityKeeper;
				TargetAttributes = {
					20B0DFDF1C4782C100D32EE8 = {
						CreatedOnToolsVersion = 6.4;
					};
					20B0DFF81C4782C100D32EE8 = {
						CreatedOnToolsVersion = 6.4;
						TestTargetID = 20B0DFDF1C4782C100D32EE8;
					};
				};
			};
			buildConfigurationList = 20B0DFDB1C4782C100D32EE8 /* Build configuration list for PBXProject "DataAnalysis" */;
			compatibilityVersion = "Xcode 3.2";
			developmentRegion = English;
			hasScannedForEncodings = 0;
			knownRegions = (
				en,
				Base,
			);
			mainGroup = 20B0DFD71C4782C100D32EE8;
			productRefGroup = 20B0DFE11C4782C100D32EE8 /* Products */;
			projectDirPath = "";
			projectRoot = "";
			targets = (
				20B0DFDF1C4782C100D32EE8 /* DataAnalysis */,
				20B0DFF81C4782C100D32EE8 /* DataAnalysisTests */,
			);
		};
/* End PBXProject section */

/* Begin PBXResourcesBuildPhase section */
		20B0DFDE1C4782C100D32EE8 /* Resources */ = {
			isa = PBXResourcesBuildPhase;
			buildActionMask = 2147483647;
			files = (
				20B0DFEF1C4782C100D32EE8 /* Main.storyboard in Resources */,
				D1A3EA1C1C4F3BFE001D102C /* setData.txt in Resources */,
				20681B611C47C9F30071A488 /* testSet.txt in Resources */,
				20B0DFF41C4782C100D32EE8 /* LaunchScreen.xib in Resources */,
				20075FBC1C589BB600CDC45F /* data.txt in Resources */,
				20B0DFF11C4782C100D32EE8 /* Images.xcassets in Resources */,
			);
			runOnlyForDeploymentPostprocessing = 0;
		};
		20B0DFF71C4782C100D32EE8 /* Resources */ = {
			isa = PBXResourcesBuildPhase;
			buildActionMask = 2147483647;
			files = (
			);
			runOnlyForDeploymentPostprocessing = 0;
		};
/* End PBXResourcesBuildPhase section */

/* Begin PBXSourcesBuildPhase section */
		20B0DFDC1C4782C100D32EE8 /* Sources */ = {
			isa = PBXSourcesBuildPhase;
			buildActionMask = 2147483647;
			files = (
				20B0DFEC1C4782C100D32EE8 /* ViewController.m in Sources */,
				0F30FF321C4E58B00071EF62 /* DAClustering.m in Sources */,
				20AB60341C48BC6700922C6D /* LogRegression.m in Sources */,
				D1A3EA1A1C4F26B2001D102C /* chlkFunction.m in Sources */,
				D1A3EA171C4F2485001D102C /* LinearRegression.m in Sources */,
				ECA180C81CAB69B1005BC691 /* DAAverageCalculate.m in Sources */,
				20B0DFE91C4782C100D32EE8 /* AppDelegate.m in Sources */,
				20B0DFE61C4782C100D32EE8 /* main.m in Sources */,
			);
			runOnlyForDeploymentPostprocessing = 0;
		};
		20B0DFF51C4782C100D32EE8 /* Sources */ = {
			isa = PBXSourcesBuildPhase;
			buildActionMask = 2147483647;
			files = (
				20B0E0001C4782C100D32EE8 /* DataAnalysisTests.m in Sources */,
			);
			runOnlyForDeploymentPostprocessing = 0;
		};
/* End PBXSourcesBuildPhase section */

/* Begin PBXTargetDependency section */
		20B0DFFB1C4782C100D32EE8 /* PBXTargetDependency */ = {
			isa = PBXTargetDependency;
			target = 20B0DFDF1C4782C100D32EE8 /* DataAnalysis */;
			targetProxy = 20B0DFFA1C4782C100D32EE8 /* PBXContainerItemProxy */;
		};
/* End PBXTargetDependency section */

/* Begin PBXVariantGroup section */
		20B0DFED1C4782C100D32EE8 /* Main.storyboard */ = {
			isa = PBXVariantGroup;
			children = (
				20B0DFEE1C4782C100D32EE8 /* Base */,
			);
			name = Main.storyboard;
			sourceTree = "<group>";
		};
		20B0DFF21C4782C100D32EE8 /* LaunchScreen.xib */ = {
			isa = PBXVariantGroup;
			children = (
				20B0DFF31C4782C100D32EE8 /* Base */,
			);
			name = LaunchScreen.xib;
			sourceTree = "<group>";
		};
/* End PBXVariantGroup section */

/* Begin XCBuildConfiguration section */
		20B0E0011C4782C100D32EE8 /* Debug */ = {
			isa = XCBuildConfiguration;
			buildSettings = {
				ALWAYS_SEARCH_USER_PATHS = NO;
				CLANG_CXX_LANGUAGE_STANDARD = "gnu++0x";
				CLANG_CXX_LIBRARY = "libc++";
				CLANG_ENABLE_MODULES = YES;
				CLANG_ENABLE_OBJC_ARC = YES;
				CLANG_WARN_BOOL_CONVERSION = YES;
				CLANG_WARN_CONSTANT_CONVERSION = YES;
				CLANG_WARN_DIRECT_OBJC_ISA_USAGE = YES_ERROR;
				CLANG_WARN_EMPTY_BODY = YES;
				CLANG_WARN_ENUM_CONVERSION = YES;
				CLANG_WARN_INT_CONVERSION = YES;
				CLANG_WARN_OBJC_ROOT_CLASS = YES_ERROR;
				CLANG_WARN_UNREACHABLE_CODE = YES;
				CLANG_WARN__DUPLICATE_METHOD_MATCH = YES;
				"CODE_SIGN_IDENTITY[sdk=iphoneos*]" = "iPhone Developer";
				COPY_PHASE_STRIP = NO;
				DEBUG_INFORMATION_FORMAT = "dwarf-with-dsym";
				ENABLE_STRICT_OBJC_MSGSEND = YES;
				GCC_C_LANGUAGE_STANDARD = gnu99;
				GCC_DYNAMIC_NO_PIC = NO;
				GCC_NO_COMMON_BLOCKS = YES;
				GCC_OPTIMIZATION_LEVEL = 0;
				GCC_PREPROCESSOR_DEFINITIONS = (
					"DEBUG=1",
					"$(inherited)",
				);
				GCC_SYMBOLS_PRIVATE_EXTERN = NO;
				GCC_WARN_64_TO_32_BIT_CONVERSION = YES;
				GCC_WARN_ABOUT_RETURN_TYPE = YES_ERROR;
				GCC_WARN_UNDECLARED_SELECTOR = YES;
				GCC_WARN_UNINITIALIZED_AUTOS = YES_AGGRESSIVE;
				GCC_WARN_UNUSED_FUNCTION = YES;
				GCC_WARN_UNUSED_VARIABLE = YES;
				IPHONEOS_DEPLOYMENT_TARGET = 8.4;
				MTL_ENABLE_DEBUG_INFO = YES;
				ONLY_ACTIVE_ARCH = YES;
				SDKROOT = iphoneos;
			};
			name = Debug;
		};
		20B0E0021C4782C100D32EE8 /* Release */ = {
			isa = XCBuildConfiguration;
			buildSettings = {
				ALWAYS_SEARCH_USER_PATHS = NO;
				CLANG_CXX_LANGUAGE_STANDARD = "gnu++0x";
				CLANG_CXX_LIBRARY = "libc++";
				CLANG_ENABLE_MODULES = YES;
				CLANG_ENABLE_OBJC_ARC = YES;
				CLANG_WARN_BOOL_CONVERSION = YES;
				CLANG_WARN_CONSTANT_CONVERSION = YES;
				CLANG_WARN_DIRECT_OBJC_ISA_USAGE = YES_ERROR;
				CLANG_WARN_EMPTY_BODY = YES;
				CLANG_WARN_ENUM_CONVERSION = YES;
				CLANG_WARN_INT_CONVERSION = YES;
				CLANG_WARN_OBJC_ROOT_CLASS = YES_ERROR;
				CLANG_WARN_UNREACHABLE_CODE = YES;
				CLANG_WARN__DUPLICATE_METHOD_MATCH = YES;
				"CODE_SIGN_IDENTITY[sdk=iphoneos*]" = "iPhone Developer";
				COPY_PHASE_STRIP = NO;
				DEBUG_INFORMATION_FORMAT = "dwarf-with-dsym";
				ENABLE_NS_ASSERTIONS = NO;
				ENABLE_STRICT_OBJC_MSGSEND = YES;
				GCC_C_LANGUAGE_STANDARD = gnu99;
				GCC_NO_COMMON_BLOCKS = YES;
				GCC_WARN_64_TO_32_BIT_CONVERSION = YES;
				GCC_WARN_ABOUT_RETURN_TYPE = YES_ERROR;
				GCC_WARN_UNDECLARED_SELECTOR = YES;
				GCC_WARN_UNINITIALIZED_AUTOS = YES_AGGRESSIVE;
				GCC_WARN_UNUSED_FUNCTION = YES;
				GCC_WARN_UNUSED_VARIABLE = YES;
				IPHONEOS_DEPLOYMENT_TARGET = 8.4;
				MTL_ENABLE_DEBUG_INFO = NO;
				SDKROOT = iphoneos;
				VALIDATE_PRODUCT = YES;
			};
			name = Release;
		};
		20B0E0041C4782C100D32EE8 /* Debug */ = {
			isa = XCBuildConfiguration;
			buildSettings = {
				ASSETCATALOG_COMPILER_APPICON_NAME = AppIcon;
				INFOPLIST_FILE = DataAnalysis/Info.plist;
				IPHONEOS_DEPLOYMENT_TARGET = 6.0;
				LD_RUNPATH_SEARCH_PATHS = "$(inherited) @executable_path/Frameworks";
				PRODUCT_NAME = "$(TARGET_NAME)";
			};
			name = Debug;
		};
		20B0E0051C4782C100D32EE8 /* Release */ = {
			isa = XCBuildConfiguration;
			buildSettings = {
				ASSETCATALOG_COMPILER_APPICON_NAME = AppIcon;
				INFOPLIST_FILE = DataAnalysis/Info.plist;
				IPHONEOS_DEPLOYMENT_TARGET = 6.0;
				LD_RUNPATH_SEARCH_PATHS = "$(inherited) @executable_path/Frameworks";
				PRODUCT_NAME = "$(TARGET_NAME)";
			};
			name = Release;
		};
		20B0E0071C4782C100D32EE8 /* Debug */ = {
			isa = XCBuildConfiguration;
			buildSettings = {
				BUNDLE_LOADER = "$(TEST_HOST)";
				FRAMEWORK_SEARCH_PATHS = (
					"$(SDKROOT)/Developer/Library/Frameworks",
					"$(inherited)",
				);
				GCC_PREPROCESSOR_DEFINITIONS = (
					"DEBUG=1",
					"$(inherited)",
				);
				INFOPLIST_FILE = DataAnalysisTests/Info.plist;
				LD_RUNPATH_SEARCH_PATHS = "$(inherited) @executable_path/Frameworks @loader_path/Frameworks";
				PRODUCT_NAME = "$(TARGET_NAME)";
				TEST_HOST = "$(BUILT_PRODUCTS_DIR)/DataAnalysis.app/DataAnalysis";
			};
			name = Debug;
		};
		20B0E0081C4782C100D32EE8 /* Release */ = {
			isa = XCBuildConfiguration;
			buildSettings = {
				BUNDLE_LOADER = "$(TEST_HOST)";
				FRAMEWORK_SEARCH_PATHS = (
					"$(SDKROOT)/Developer/Library/Frameworks",
					"$(inherited)",
				);
				INFOPLIST_FILE = DataAnalysisTests/Info.plist;
				LD_RUNPATH_SEARCH_PATHS = "$(inherited) @executable_path/Frameworks @loader_path/Frameworks";
				PRODUCT_NAME = "$(TARGET_NAME)";
				TEST_HOST = "$(BUILT_PRODUCTS_DIR)/DataAnalysis.app/DataAnalysis";
			};
			name = Release;
		};
/* End XCBuildConfiguration section */

/* Begin XCConfigurationList section */
		20B0DFDB1C4782C100D32EE8 /* Build configuration list for PBXProject "DataAnalysis" */ = {
			isa = XCConfigurationList;
			buildConfigurations = (
				20B0E0011C4782C100D32EE8 /* Debug */,
				20B0E0021C4782C100D32EE8 /* Release */,
			);
			defaultConfigurationIsVisible = 0;
			defaultConfigurationName = Release;
		};
		20B0E0031C4782C100D32EE8 /* Build configuration list for PBXNativeTarget "DataAnalysis" */ = {
			isa = XCConfigurationList;
			buildConfigurations = (
				20B0E0041C4782C100D32EE8 /* Debug */,
				20B0E0051C4782C100D32EE8 /* Release */,
			);
			defaultConfigurationIsVisible = 0;
			defaultConfigurationName = Release;
		};
		20B0E0061C4782C100D32EE8 /* Build configuration list for PBXNativeTarget "DataAnalysisTests" */ = {
			isa = XCConfigurationList;
			buildConfigurations = (
				20B0E0071C4782C100D32EE8 /* Debug */,
				20B0E0081C4782C100D32EE8 /* Release */,
			);
			defaultConfigurationIsVisible = 0;
			defaultConfigurationName = Release;
		};
/* End XCConfigurationList section */
	};
	rootObject = 20B0DFD81C4782C100D32EE8 /* Project object */;
}
